
Microsoft Visual Studio Solution File, Format Version 12.00
# Visual Studio Version 17
VisualStudioVersion = 17.0.31903.59
MinimumVisualStudioVersion = 10.0.40219.1
Project("{9A19103F-16F7-4668-BE54-9A1E7A4F7556}") = "API", "API\API.csproj", "{0EF07D79-5338-4AF6-9DAF-06662C2220BA}"
EndProject
Project("{9A19103F-16F7-4668-BE54-9A1E7A4F7556}") = "Domain", "Domain\Domain.csproj", "{635107F7-433C-4139-849F-516EB730F084}"
EndProject
Project("{FAE04EC0-301F-11D3-BF4B-00C04F79EFBC}") = "Infrastructure", "Infrastructure\Infrastructure.csproj", "{BCB7FCA4-D9EC-4BE2-8E65-07668399066C}"
EndProject
Project("{FAE04EC0-301F-11D3-BF4B-00C04F79EFBC}") = "Application", "Application\Application.csproj", "{1C02395D-F78A-4FCC-AC55-7CBC277CC707}"
EndProject
Global
	GlobalSection(SolutionConfigurationPlatforms) = preSolution
		Debug|Any CPU = Debug|Any CPU
		Release|Any CPU = Release|Any CPU
	EndGlobalSection
	GlobalSection(ProjectConfigurationPlatforms) = postSolution
		{0EF07D79-5338-4AF6-9DAF-06662C2220BA}.Debug|Any CPU.ActiveCfg = Debug|Any CPU
		{0EF07D79-5338-4AF6-9DAF-06662C2220BA}.Debug|Any CPU.Build.0 = Debug|Any CPU
		{0EF07D79-5338-4AF6-9DAF-06662C2220BA}.Release|Any CPU.ActiveCfg = Release|Any CPU
		{0EF07D79-5338-4AF6-9DAF-06662C2220BA}.Release|Any CPU.Build.0 = Release|Any CPU
		{635107F7-433C-4139-849F-516EB730F084}.Debug|Any CPU.ActiveCfg = Debug|Any CPU
		{635107F7-433C-4139-849F-516EB730F084}.Debug|Any CPU.Build.0 = Debug|Any CPU
		{635107F7-433C-4139-849F-516EB730F084}.Release|Any CPU.ActiveCfg = Release|Any CPU
		{635107F7-433C-4139-849F-516EB730F084}.Release|Any CPU.Build.0 = Release|Any CPU
		{BCB7FCA4-D9EC-4BE2-8E65-07668399066C}.Debug|Any CPU.ActiveCfg = Debug|Any CPU
		{BCB7FCA4-D9EC-4BE2-8E65-07668399066C}.Debug|Any CPU.Build.0 = Debug|Any CPU
		{BCB7FCA4-D9EC-4BE2-8E65-07668399066C}.Release|Any CPU.ActiveCfg = Release|Any CPU
		{BCB7FCA4-D9EC-4BE2-8E65-07668399066C}.Release|Any CPU.Build.0 = Release|Any CPU
		{1C02395D-F78A-4FCC-AC55-7CBC277CC707}.Debug|Any CPU.ActiveCfg = Debug|Any CPU
		{1C02395D-F78A-4FCC-AC55-7CBC277CC707}.Debug|Any CPU.Build.0 = Debug|Any CPU
		{1C02395D-F78A-4FCC-AC55-7CBC277CC707}.Release|Any CPU.ActiveCfg = Release|Any CPU
		{1C02395D-F78A-4FCC-AC55-7CBC277CC707}.Release|Any CPU.Build.0 = Release|Any CPU
	EndGlobalSection
	GlobalSection(SolutionProperties) = preSolution
		HideSolutionNode = FALSE
	EndGlobalSection
	GlobalSection(ExtensibilityGlobals) = postSolution
		SolutionGuid = {8DA5E25E-90CF-4BE4-B5F5-E4D7A390ED76}
	EndGlobalSection
EndGlobal
